
Microsoft Visual Studio Solution File, Format Version 12.00
# Visual Studio Version 16
VisualStudioVersion = 16.0.30907.101
MinimumVisualStudioVersion = 10.0.40219.1
Project("{FAE04EC0-301F-11D3-BF4B-00C04F79EFBC}") = "Kampintro", "Kampintro\Kampintro.csproj", "{1894F92D-0B78-4560-944D-E2FA96BF54BD}"
EndProject
Project("{FAE04EC0-301F-11D3-BF4B-00C04F79EFBC}") = "Loops", "Loops\Loops.csproj", "{EAC9A9B6-2123-4F01-9982-C6BE89DFF2F7}"
EndProject
Project("{FAE04EC0-301F-11D3-BF4B-00C04F79EFBC}") = "Classintro", "Classintro\Classintro.csproj", "{1D5739E3-4CDD-4B37-A4F2-7A906F3B1D38}"
EndProject
Global
	GlobalSection(SolutionConfigurationPlatforms) = preSolution
		Debug|Any CPU = Debug|Any CPU
		Release|Any CPU = Release|Any CPU
	EndGlobalSection
	GlobalSection(ProjectConfigurationPlatforms) = postSolution
		{1894F92D-0B78-4560-944D-E2FA96BF54BD}.Debug|Any CPU.ActiveCfg = Debug|Any CPU
		{1894F92D-0B78-4560-944D-E2FA96BF54BD}.Debug|Any CPU.Build.0 = Debug|Any CPU
		{1894F92D-0B78-4560-944D-E2FA96BF54BD}.Release|Any CPU.ActiveCfg = Release|Any CPU
		{1894F92D-0B78-4560-944D-E2FA96BF54BD}.Release|Any CPU.Build.0 = Release|Any CPU
		{EAC9A9B6-2123-4F01-9982-C6BE89DFF2F7}.Debug|Any CPU.ActiveCfg = Debug|Any CPU
		{EAC9A9B6-2123-4F01-9982-C6BE89DFF2F7}.Debug|Any CPU.Build.0 = Debug|Any CPU
		{EAC9A9B6-2123-4F01-9982-C6BE89DFF2F7}.Release|Any CPU.ActiveCfg = Release|Any CPU
		{EAC9A9B6-2123-4F01-9982-C6BE89DFF2F7}.Release|Any CPU.Build.0 = Release|Any CPU
		{1D5739E3-4CDD-4B37-A4F2-7A906F3B1D38}.Debug|Any CPU.ActiveCfg = Debug|Any CPU
		{1D5739E3-4CDD-4B37-A4F2-7A906F3B1D38}.Debug|Any CPU.Build.0 = Debug|Any CPU
		{1D5739E3-4CDD-4B37-A4F2-7A906F3B1D38}.Release|Any CPU.ActiveCfg = Release|Any CPU
		{1D5739E3-4CDD-4B37-A4F2-7A906F3B1D38}.Release|Any CPU.Build.0 = Release|Any CPU
	EndGlobalSection
	GlobalSection(SolutionProperties) = preSolution
		HideSolutionNode = FALSE
	EndGlobalSection
	GlobalSection(ExtensibilityGlobals) = postSolution
		SolutionGuid = {969637A7-8EA1-4554-8149-86DD20F4D777}
	EndGlobalSection
EndGlobal
